
Microsoft Visual Studio Solution File, Format Version 12.00
# Visual Studio Version 17
VisualStudioVersion = 17.1.32210.238
MinimumVisualStudioVersion = 10.0.40219.1
Project("{FAE04EC0-301F-11D3-BF4B-00C04F79EFBC}") = "DSAPracticeQuestion", "DSAPracticeQuestion\DSAPracticeQuestion.csproj", "{8976ABA2-805D-4A16-B489-9BB6E03CA7D7}"
EndProject
Global
	GlobalSection(SolutionConfigurationPlatforms) = preSolution
		Debug|Any CPU = Debug|Any CPU
		Release|Any CPU = Release|Any CPU
	EndGlobalSection
	GlobalSection(ProjectConfigurationPlatforms) = postSolution
		{8976ABA2-805D-4A16-B489-9BB6E03CA7D7}.Debug|Any CPU.ActiveCfg = Debug|Any CPU
		{8976ABA2-805D-4A16-B489-9BB6E03CA7D7}.Debug|Any CPU.Build.0 = Debug|Any CPU
		{8976ABA2-805D-4A16-B489-9BB6E03CA7D7}.Release|Any CPU.ActiveCfg = Release|Any CPU
		{8976ABA2-805D-4A16-B489-9BB6E03CA7D7}.Release|Any CPU.Build.0 = Release|Any CPU
	EndGlobalSection
	GlobalSection(SolutionProperties) = preSolution
		HideSolutionNode = FALSE
	EndGlobalSection
	GlobalSection(ExtensibilityGlobals) = postSolution
		SolutionGuid = {F5D2A2E3-1F1E-4316-A0CF-4564E4C37069}
	EndGlobalSection
EndGlobal
